// !$*UTF8*$!
{
	archiveVersion = 1;
	classes = {
	};
	objectVersion = 77;
	objects = {

/* Begin PBXBuildFile section */
		A03B7B652D43B00000FF8FF7 /* FirebaseAnalytics in Frameworks */ = {isa = PBXBuildFile; productRef = A03B7B642D43B00000FF8FF7 /* FirebaseAnalytics */; };
		A03B7B672D43B00000FF8FF7 /* FirebaseAnalyticsOnDeviceConversion in Frameworks */ = {isa = PBXBuildFile; productRef = A03B7B662D43B00000FF8FF7 /* FirebaseAnalyticsOnDeviceConversion */; };
		A03B7B692D43B00000FF8FF7 /* FirebaseAnalyticsWithoutAdIdSupport in Frameworks */ = {isa = PBXBuildFile; productRef = A03B7B682D43B00000FF8FF7 /* FirebaseAnalyticsWithoutAdIdSupport */; };
		A03B7B712D43B18200FF8FF7 /* FirebaseFirestore in Frameworks */ = {isa = PBXBuildFile; productRef = A03B7B702D43B18200FF8FF7 /* FirebaseFirestore */; };
		A03B7B732D43B18900FF8FF7 /* FirebaseStorage in Frameworks */ = {isa = PBXBuildFile; productRef = A03B7B722D43B18900FF8FF7 /* FirebaseStorage */; };
		A03B7B792D43B93D00FF8FF7 /* FirebaseAuth in Frameworks */ = {isa = PBXBuildFile; productRef = A03B7B782D43B93D00FF8FF7 /* FirebaseAuth */; };
		A07145E92D4BC28100B6918A /* SwipeActions in Frameworks */ = {isa = PBXBuildFile; productRef = A07145E82D4BC28100B6918A /* SwipeActions */; };
		A0C598AA2D427F43004A3423 /* EmojiPalette in Frameworks */ = {isa = PBXBuildFile; productRef = A0C598A92D427F43004A3423 /* EmojiPalette */; };
		A0C599D82D42B0FD004A3423 /* Launchscreen.storyboard in Resources */ = {isa = PBXBuildFile; fileRef = A0C599D72D42B0FD004A3423 /* Launchscreen.storyboard */; };
		A0FBB6942D41743700A5783E /* ScreenshotSwiftUI in Frameworks */ = {isa = PBXBuildFile; productRef = A0FBB6932D41743700A5783E /* ScreenshotSwiftUI */; };
/* End PBXBuildFile section */

/* Begin PBXCopyFilesBuildPhase section */
		A030D8682D27798300EA08E2 /* Embed Frameworks */ = {
			isa = PBXCopyFilesBuildPhase;
			buildActionMask = 2147483647;
			dstPath = "";
			dstSubfolderSpec = 10;
			files = (
			);
			name = "Embed Frameworks";
			runOnlyForDeploymentPostprocessing = 0;
		};
/* End PBXCopyFilesBuildPhase section */

/* Begin PBXFileReference section */
		A0775E242D1CAA1F00068B00 /* KoenjiApp.app */ = {isa = PBXFileReference; explicitFileType = wrapper.application; includeInIndex = 0; path = KoenjiApp.app; sourceTree = BUILT_PRODUCTS_DIR; };
		A0C599D72D42B0FD004A3423 /* Launchscreen.storyboard */ = {isa = PBXFileReference; lastKnownFileType = file.storyboard; path = Launchscreen.storyboard; sourceTree = "<group>"; };
/* End PBXFileReference section */

/* Begin PBXFileSystemSynchronizedBuildFileExceptionSet section */
		A0C599DB2D42B84E004A3423 /* Exceptions for "KoenjiApp" folder in "KoenjiApp" target */ = {
			isa = PBXFileSystemSynchronizedBuildFileExceptionSet;
			membershipExceptions = (
				info.plist,
			);
			target = A0775E232D1CAA1F00068B00 /* KoenjiApp */;
		};
/* End PBXFileSystemSynchronizedBuildFileExceptionSet section */

/* Begin PBXFileSystemSynchronizedRootGroup section */
		A03E7C192D316538000A38AC /* KoenjiApp */ = {
			isa = PBXFileSystemSynchronizedRootGroup;
			exceptions = (
				A0C599DB2D42B84E004A3423 /* Exceptions for "KoenjiApp" folder in "KoenjiApp" target */,
			);
			path = KoenjiApp;
			sourceTree = "<group>";
		};
/* End PBXFileSystemSynchronizedRootGroup section */

/* Begin PBXFrameworksBuildPhase section */
		A0775E212D1CAA1F00068B00 /* Frameworks */ = {
			isa = PBXFrameworksBuildPhase;
			buildActionMask = 2147483647;
			files = (
				A0FBB6942D41743700A5783E /* ScreenshotSwiftUI in Frameworks */,
				A03B7B692D43B00000FF8FF7 /* FirebaseAnalyticsWithoutAdIdSupport in Frameworks */,
				A0C598AA2D427F43004A3423 /* EmojiPalette in Frameworks */,
				A03B7B652D43B00000FF8FF7 /* FirebaseAnalytics in Frameworks */,
				A03B7B732D43B18900FF8FF7 /* FirebaseStorage in Frameworks */,
				A03B7B672D43B00000FF8FF7 /* FirebaseAnalyticsOnDeviceConversion in Frameworks */,
				A03B7B712D43B18200FF8FF7 /* FirebaseFirestore in Frameworks */,
				A07145E92D4BC28100B6918A /* SwipeActions in Frameworks */,
				A03B7B792D43B93D00FF8FF7 /* FirebaseAuth in Frameworks */,
			);
			runOnlyForDeploymentPostprocessing = 0;
		};
/* End PBXFrameworksBuildPhase section */

/* Begin PBXGroup section */
		A03B7B6F2D43B18200FF8FF7 /* Frameworks */ = {
			isa = PBXGroup;
			children = (
			);
			name = Frameworks;
			sourceTree = "<group>";
		};
		A0775E1B2D1CAA1F00068B00 = {
			isa = PBXGroup;
			children = (
				A0C599D72D42B0FD004A3423 /* Launchscreen.storyboard */,
				A03E7C192D316538000A38AC /* KoenjiApp */,
				A03B7B6F2D43B18200FF8FF7 /* Frameworks */,
				A0775E252D1CAA1F00068B00 /* Products */,
			);
			sourceTree = "<group>";
		};
		A0775E252D1CAA1F00068B00 /* Products */ = {
			isa = PBXGroup;
			children = (
				A0775E242D1CAA1F00068B00 /* KoenjiApp.app */,
			);
			name = Products;
			sourceTree = "<group>";
		};
/* End PBXGroup section */

/* Begin PBXNativeTarget section */
		A0775E232D1CAA1F00068B00 /* KoenjiApp */ = {
			isa = PBXNativeTarget;
			buildConfigurationList = A0775E322D1CAA2100068B00 /* Build configuration list for PBXNativeTarget "KoenjiApp" */;
			buildPhases = (
				A0775E202D1CAA1F00068B00 /* Sources */,
				A0775E212D1CAA1F00068B00 /* Frameworks */,
				A0775E222D1CAA1F00068B00 /* Resources */,
				A030D8682D27798300EA08E2 /* Embed Frameworks */,
			);
			buildRules = (
			);
			dependencies = (
			);
			fileSystemSynchronizedGroups = (
				A03E7C192D316538000A38AC /* KoenjiApp */,
			);
			name = KoenjiApp;
			packageProductDependencies = (
				A0FBB6932D41743700A5783E /* ScreenshotSwiftUI */,
				A0C598A92D427F43004A3423 /* EmojiPalette */,
				A03B7B642D43B00000FF8FF7 /* FirebaseAnalytics */,
				A03B7B662D43B00000FF8FF7 /* FirebaseAnalyticsOnDeviceConversion */,
				A03B7B682D43B00000FF8FF7 /* FirebaseAnalyticsWithoutAdIdSupport */,
				A03B7B702D43B18200FF8FF7 /* FirebaseFirestore */,
				A03B7B722D43B18900FF8FF7 /* FirebaseStorage */,
				A03B7B782D43B93D00FF8FF7 /* FirebaseAuth */,
				A07145E82D4BC28100B6918A /* SwipeActions */,
			);
			productName = KoenjiApp;
			productReference = A0775E242D1CAA1F00068B00 /* KoenjiApp.app */;
			productType = "com.apple.product-type.application";
		};
/* End PBXNativeTarget section */

/* Begin PBXProject section */
		A0775E1C2D1CAA1F00068B00 /* Project object */ = {
			isa = PBXProject;
			attributes = {
				BuildIndependentTargetsInParallel = 1;
				LastSwiftUpdateCheck = 1620;
				LastUpgradeCheck = 1620;
				TargetAttributes = {
					A0775E232D1CAA1F00068B00 = {
						CreatedOnToolsVersion = 16.2;
					};
				};
			};
			buildConfigurationList = A0775E1F2D1CAA1F00068B00 /* Build configuration list for PBXProject "KoenjiApp" */;
			developmentRegion = en;
			hasScannedForEncodings = 0;
			knownRegions = (
				en,
				Base,
			);
			mainGroup = A0775E1B2D1CAA1F00068B00;
			minimizedProjectReferenceProxies = 1;
			packageReferences = (
				A0FBB6922D41743700A5783E /* XCRemoteSwiftPackageReference "ScreenshotSwiftUI" */,
				A0C598A82D427F43004A3423 /* XCRemoteSwiftPackageReference "EmojiPalette" */,
				A03B7B632D43B00000FF8FF7 /* XCRemoteSwiftPackageReference "firebase-ios-sdk" */,
				A07145E72D4BC28100B6918A /* XCRemoteSwiftPackageReference "SwipeActions" */,
			);
			preferredProjectObjectVersion = 77;
			productRefGroup = A0775E252D1CAA1F00068B00 /* Products */;
			projectDirPath = "";
			projectRoot = "";
			targets = (
				A0775E232D1CAA1F00068B00 /* KoenjiApp */,
			);
		};
/* End PBXProject section */

/* Begin PBXResourcesBuildPhase section */
		A0775E222D1CAA1F00068B00 /* Resources */ = {
			isa = PBXResourcesBuildPhase;
			buildActionMask = 2147483647;
			files = (
				A0C599D82D42B0FD004A3423 /* Launchscreen.storyboard in Resources */,
			);
			runOnlyForDeploymentPostprocessing = 0;
		};
/* End PBXResourcesBuildPhase section */

/* Begin PBXSourcesBuildPhase section */
		A0775E202D1CAA1F00068B00 /* Sources */ = {
			isa = PBXSourcesBuildPhase;
			buildActionMask = 2147483647;
			files = (
			);
			runOnlyForDeploymentPostprocessing = 0;
		};
/* End PBXSourcesBuildPhase section */

/* Begin XCBuildConfiguration section */
		A0775E302D1CAA2100068B00 /* Debug */ = {
			isa = XCBuildConfiguration;
			buildSettings = {
				ALWAYS_SEARCH_USER_PATHS = NO;
				ASSETCATALOG_COMPILER_GENERATE_SWIFT_ASSET_SYMBOL_EXTENSIONS = YES;
				CLANG_ANALYZER_NONNULL = YES;
				CLANG_ANALYZER_NUMBER_OBJECT_CONVERSION = YES_AGGRESSIVE;
				CLANG_CXX_LANGUAGE_STANDARD = "gnu++20";
				CLANG_ENABLE_MODULES = YES;
				CLANG_ENABLE_OBJC_ARC = YES;
				CLANG_ENABLE_OBJC_WEAK = YES;
				CLANG_WARN_BLOCK_CAPTURE_AUTORELEASING = YES;
				CLANG_WARN_BOOL_CONVERSION = YES;
				CLANG_WARN_COMMA = YES;
				CLANG_WARN_CONSTANT_CONVERSION = YES;
				CLANG_WARN_DEPRECATED_OBJC_IMPLEMENTATIONS = YES;
				CLANG_WARN_DIRECT_OBJC_ISA_USAGE = YES_ERROR;
				CLANG_WARN_DOCUMENTATION_COMMENTS = YES;
				CLANG_WARN_EMPTY_BODY = YES;
				CLANG_WARN_ENUM_CONVERSION = YES;
				CLANG_WARN_INFINITE_RECURSION = YES;
				CLANG_WARN_INT_CONVERSION = YES;
				CLANG_WARN_NON_LITERAL_NULL_CONVERSION = YES;
				CLANG_WARN_OBJC_IMPLICIT_RETAIN_SELF = YES;
				CLANG_WARN_OBJC_LITERAL_CONVERSION = YES;
				CLANG_WARN_OBJC_ROOT_CLASS = YES_ERROR;
				CLANG_WARN_QUOTED_INCLUDE_IN_FRAMEWORK_HEADER = YES;
				CLANG_WARN_RANGE_LOOP_ANALYSIS = YES;
				CLANG_WARN_STRICT_PROTOTYPES = YES;
				CLANG_WARN_SUSPICIOUS_MOVE = YES;
				CLANG_WARN_UNGUARDED_AVAILABILITY = YES_AGGRESSIVE;
				CLANG_WARN_UNREACHABLE_CODE = YES;
				CLANG_WARN__DUPLICATE_METHOD_MATCH = YES;
				COPY_PHASE_STRIP = NO;
				CREATE_INFOPLIST_SECTION_IN_BINARY = NO;
				DEBUG_INFORMATION_FORMAT = "dwarf-with-dsym";
				DONT_GENERATE_INFOPLIST_FILE = NO;
				ENABLE_STRICT_OBJC_MSGSEND = YES;
				ENABLE_TESTABILITY = YES;
				ENABLE_USER_SCRIPT_SANDBOXING = YES;
				GCC_C_LANGUAGE_STANDARD = gnu17;
				GCC_DYNAMIC_NO_PIC = NO;
				GCC_NO_COMMON_BLOCKS = YES;
				GCC_OPTIMIZATION_LEVEL = 0;
				GCC_PREPROCESSOR_DEFINITIONS = (
					"DEBUG=1",
					"$(inherited)",
				);
				GCC_WARN_64_TO_32_BIT_CONVERSION = YES;
				GCC_WARN_ABOUT_RETURN_TYPE = YES_ERROR;
				GCC_WARN_UNDECLARED_SELECTOR = YES;
				GCC_WARN_UNINITIALIZED_AUTOS = YES_AGGRESSIVE;
				GCC_WARN_UNUSED_FUNCTION = YES;
				GCC_WARN_UNUSED_VARIABLE = YES;
				GENERATE_INFOPLIST_FILE = NO;
				INFOPLIST_FILE = /Users/matteonassini/KoenjiApp/KoenjiApp/info.plist;
				IPHONEOS_DEPLOYMENT_TARGET = 18.2;
				LOCALIZATION_PREFERS_STRING_CATALOGS = YES;
				MTL_ENABLE_DEBUG_INFO = INCLUDE_SOURCE;
				MTL_FAST_MATH = YES;
				ONLY_ACTIVE_ARCH = YES;
				SDKROOT = iphoneos;
				SWIFT_ACTIVE_COMPILATION_CONDITIONS = "DEBUG $(inherited)";
				SWIFT_OPTIMIZATION_LEVEL = "-Onone";
			};
			name = Debug;
		};
		A0775E312D1CAA2100068B00 /* Release */ = {
			isa = XCBuildConfiguration;
			buildSettings = {
				ALWAYS_SEARCH_USER_PATHS = NO;
				ASSETCATALOG_COMPILER_GENERATE_SWIFT_ASSET_SYMBOL_EXTENSIONS = YES;
				CLANG_ANALYZER_NONNULL = YES;
				CLANG_ANALYZER_NUMBER_OBJECT_CONVERSION = YES_AGGRESSIVE;
				CLANG_CXX_LANGUAGE_STANDARD = "gnu++20";
				CLANG_ENABLE_MODULES = YES;
				CLANG_ENABLE_OBJC_ARC = YES;
				CLANG_ENABLE_OBJC_WEAK = YES;
				CLANG_WARN_BLOCK_CAPTURE_AUTORELEASING = YES;
				CLANG_WARN_BOOL_CONVERSION = YES;
				CLANG_WARN_COMMA = YES;
				CLANG_WARN_CONSTANT_CONVERSION = YES;
				CLANG_WARN_DEPRECATED_OBJC_IMPLEMENTATIONS = YES;
				CLANG_WARN_DIRECT_OBJC_ISA_USAGE = YES_ERROR;
				CLANG_WARN_DOCUMENTATION_COMMENTS = YES;
				CLANG_WARN_EMPTY_BODY = YES;
				CLANG_WARN_ENUM_CONVERSION = YES;
				CLANG_WARN_INFINITE_RECURSION = YES;
				CLANG_WARN_INT_CONVERSION = YES;
				CLANG_WARN_NON_LITERAL_NULL_CONVERSION = YES;
				CLANG_WARN_OBJC_IMPLICIT_RETAIN_SELF = YES;
				CLANG_WARN_OBJC_LITERAL_CONVERSION = YES;
				CLANG_WARN_OBJC_ROOT_CLASS = YES_ERROR;
				CLANG_WARN_QUOTED_INCLUDE_IN_FRAMEWORK_HEADER = YES;
				CLANG_WARN_RANGE_LOOP_ANALYSIS = YES;
				CLANG_WARN_STRICT_PROTOTYPES = YES;
				CLANG_WARN_SUSPICIOUS_MOVE = YES;
				CLANG_WARN_UNGUARDED_AVAILABILITY = YES_AGGRESSIVE;
				CLANG_WARN_UNREACHABLE_CODE = YES;
				CLANG_WARN__DUPLICATE_METHOD_MATCH = YES;
				COPY_PHASE_STRIP = NO;
				CREATE_INFOPLIST_SECTION_IN_BINARY = NO;
				DEBUG_INFORMATION_FORMAT = "dwarf-with-dsym";
				DONT_GENERATE_INFOPLIST_FILE = NO;
				ENABLE_NS_ASSERTIONS = NO;
				ENABLE_STRICT_OBJC_MSGSEND = YES;
				ENABLE_USER_SCRIPT_SANDBOXING = YES;
				GCC_C_LANGUAGE_STANDARD = gnu17;
				GCC_NO_COMMON_BLOCKS = YES;
				GCC_WARN_64_TO_32_BIT_CONVERSION = YES;
				GCC_WARN_ABOUT_RETURN_TYPE = YES_ERROR;
				GCC_WARN_UNDECLARED_SELECTOR = YES;
				GCC_WARN_UNINITIALIZED_AUTOS = YES_AGGRESSIVE;
				GCC_WARN_UNUSED_FUNCTION = YES;
				GCC_WARN_UNUSED_VARIABLE = YES;
				GENERATE_INFOPLIST_FILE = NO;
				IPHONEOS_DEPLOYMENT_TARGET = 18.2;
				LOCALIZATION_PREFERS_STRING_CATALOGS = YES;
				MTL_ENABLE_DEBUG_INFO = NO;
				MTL_FAST_MATH = YES;
				SDKROOT = iphoneos;
				SWIFT_COMPILATION_MODE = wholemodule;
				VALIDATE_PRODUCT = YES;
			};
			name = Release;
		};
		A0775E332D1CAA2100068B00 /* Debug */ = {
			isa = XCBuildConfiguration;
			buildSettings = {
				ASSETCATALOG_COMPILER_APPICON_NAME = AppIcon;
				ASSETCATALOG_COMPILER_GLOBAL_ACCENT_COLOR_NAME = AccentColor;
				ASSETCATALOG_COMPILER_INCLUDE_ALL_APPICON_ASSETS = YES;
				CODE_SIGN_ENTITLEMENTS = KoenjiApp/KoenjiApp.entitlements;
				CODE_SIGN_STYLE = Automatic;
				CREATE_INFOPLIST_SECTION_IN_BINARY = NO;
				CURRENT_PROJECT_VERSION = 1;
				DEVELOPMENT_ASSET_PATHS = "\"KoenjiApp/Preview Content\"";
				DEVELOPMENT_TEAM = BVRFYCSRU7;
				DONT_GENERATE_INFOPLIST_FILE = NO;
				ENABLE_PREVIEWS = YES;
				FRAMEWORK_SEARCH_PATHS = "$(BUILD_DIR)/$(CONFIGURATION)$(EFFECTIVE_PLATFORM_NAME)";
				"FRAMEWORK_SEARCH_PATHS[arch=*]" = "$(BUILD_DIR)/PackageFrameworks";
				GENERATE_INFOPLIST_FILE = NO;
				GENERATE_PKGINFO_FILE = NO;
				INFOPLIST_FILE = /Users/matteonassini/KoenjiApp/KoenjiApp/info.plist;
				INFOPLIST_KEY_LSSupportsOpeningDocumentsInPlace = YES;
				INFOPLIST_KEY_UIApplicationSceneManifest_Generation = YES;
				INFOPLIST_KEY_UIApplicationSupportsIndirectInputEvents = YES;
				INFOPLIST_KEY_UILaunchScreen_Generation = YES;
				INFOPLIST_KEY_UISupportedInterfaceOrientations_iPad = "UIInterfaceOrientationPortrait UIInterfaceOrientationPortraitUpsideDown UIInterfaceOrientationLandscapeLeft UIInterfaceOrientationLandscapeRight";
				INFOPLIST_KEY_UISupportedInterfaceOrientations_iPhone = "UIInterfaceOrientationPortrait UIInterfaceOrientationLandscapeLeft UIInterfaceOrientationLandscapeRight";
				INFOPLIST_KEY_UISupportsDocumentBrowser = YES;
				IPHONEOS_DEPLOYMENT_TARGET = 17.5;
				LD_RUNPATH_SEARCH_PATHS = (
					"$(inherited)",
					"@executable_path/Frameworks",
				);
				MARKETING_VERSION = 1.0;
				NEW_SETTING = "";
				PRODUCT_BUNDLE_IDENTIFIER = "com.koenji-venezia.KoenjiApp";
				PRODUCT_NAME = "$(TARGET_NAME)";
				SWIFT_EMIT_LOC_STRINGS = YES;
				SWIFT_VERSION = 6.0;
				TARGETED_DEVICE_FAMILY = "1,2";
			};
			name = Debug;
		};
		A0775E342D1CAA2100068B00 /* Release */ = {
			isa = XCBuildConfiguration;
			buildSettings = {
				ASSETCATALOG_COMPILER_APPICON_NAME = AppIcon;
				ASSETCATALOG_COMPILER_GLOBAL_ACCENT_COLOR_NAME = AccentColor;
				ASSETCATALOG_COMPILER_INCLUDE_ALL_APPICON_ASSETS = YES;
				CODE_SIGN_ENTITLEMENTS = KoenjiApp/KoenjiApp.entitlements;
				CODE_SIGN_STYLE = Automatic;
				CREATE_INFOPLIST_SECTION_IN_BINARY = NO;
				CURRENT_PROJECT_VERSION = 1;
				DEVELOPMENT_ASSET_PATHS = "\"KoenjiApp/Preview Content\"";
				DEVELOPMENT_TEAM = BVRFYCSRU7;
				DONT_GENERATE_INFOPLIST_FILE = NO;
				ENABLE_PREVIEWS = YES;
				FRAMEWORK_SEARCH_PATHS = "$(BUILD_DIR)/$(CONFIGURATION)$(EFFECTIVE_PLATFORM_NAME)";
				GENERATE_INFOPLIST_FILE = NO;
				GENERATE_PKGINFO_FILE = NO;
				INFOPLIST_FILE = /Users/matteonassini/KoenjiApp/KoenjiApp/info.plist;
				INFOPLIST_KEY_LSSupportsOpeningDocumentsInPlace = YES;
				INFOPLIST_KEY_UIApplicationSceneManifest_Generation = YES;
				INFOPLIST_KEY_UIApplicationSupportsIndirectInputEvents = YES;
				INFOPLIST_KEY_UILaunchScreen_Generation = YES;
				INFOPLIST_KEY_UISupportedInterfaceOrientations_iPad = "UIInterfaceOrientationPortrait UIInterfaceOrientationPortraitUpsideDown UIInterfaceOrientationLandscapeLeft UIInterfaceOrientationLandscapeRight";
				INFOPLIST_KEY_UISupportedInterfaceOrientations_iPhone = "UIInterfaceOrientationPortrait UIInterfaceOrientationLandscapeLeft UIInterfaceOrientationLandscapeRight";
				INFOPLIST_KEY_UISupportsDocumentBrowser = YES;
				IPHONEOS_DEPLOYMENT_TARGET = 17.5;
				LD_RUNPATH_SEARCH_PATHS = (
					"$(inherited)",
					"@executable_path/Frameworks",
				);
				MARKETING_VERSION = 1.0;
				NEW_SETTING = "";
				PRODUCT_BUNDLE_IDENTIFIER = "com.koenji-venezia.KoenjiApp";
				PRODUCT_NAME = "$(TARGET_NAME)";
				SWIFT_EMIT_LOC_STRINGS = YES;
				SWIFT_VERSION = 6.0;
				TARGETED_DEVICE_FAMILY = "1,2";
			};
			name = Release;
		};
/* End XCBuildConfiguration section */

/* Begin XCConfigurationList section */
		A0775E1F2D1CAA1F00068B00 /* Build configuration list for PBXProject "KoenjiApp" */ = {
			isa = XCConfigurationList;
			buildConfigurations = (
				A0775E302D1CAA2100068B00 /* Debug */,
				A0775E312D1CAA2100068B00 /* Release */,
			);
			defaultConfigurationIsVisible = 0;
			defaultConfigurationName = Release;
		};
		A0775E322D1CAA2100068B00 /* Build configuration list for PBXNativeTarget "KoenjiApp" */ = {
			isa = XCConfigurationList;
			buildConfigurations = (
				A0775E332D1CAA2100068B00 /* Debug */,
				A0775E342D1CAA2100068B00 /* Release */,
			);
			defaultConfigurationIsVisible = 0;
			defaultConfigurationName = Release;
		};
/* End XCConfigurationList section */

/* Begin XCRemoteSwiftPackageReference section */
		A03B7B632D43B00000FF8FF7 /* XCRemoteSwiftPackageReference "firebase-ios-sdk" */ = {
			isa = XCRemoteSwiftPackageReference;
			repositoryURL = "https://github.com/firebase/firebase-ios-sdk";
			requirement = {
				kind = upToNextMajorVersion;
				minimumVersion = 11.7.0;
			};
		};
		A07145E72D4BC28100B6918A /* XCRemoteSwiftPackageReference "SwipeActions" */ = {
			isa = XCRemoteSwiftPackageReference;
			repositoryURL = "https://github.com/aheze/SwipeActions";
			requirement = {
				kind = upToNextMajorVersion;
				minimumVersion = 1.1.0;
			};
		};
		A0C598A82D427F43004A3423 /* XCRemoteSwiftPackageReference "EmojiPalette" */ = {
			isa = XCRemoteSwiftPackageReference;
			repositoryURL = "https://github.com/Kyome22/EmojiPalette.git";
			requirement = {
				kind = upToNextMajorVersion;
				minimumVersion = 1.0.0;
			};
		};
		A0FBB6922D41743700A5783E /* XCRemoteSwiftPackageReference "ScreenshotSwiftUI" */ = {
			isa = XCRemoteSwiftPackageReference;
			repositoryURL = "https://github.com/gualtierofrigerio/ScreenshotSwiftUI.git";
			requirement = {
				kind = upToNextMajorVersion;
				minimumVersion = 0.3.0;
			};
		};
/* End XCRemoteSwiftPackageReference section */

/* Begin XCSwiftPackageProductDependency section */
		A03B7B642D43B00000FF8FF7 /* FirebaseAnalytics */ = {
			isa = XCSwiftPackageProductDependency;
			package = A03B7B632D43B00000FF8FF7 /* XCRemoteSwiftPackageReference "firebase-ios-sdk" */;
			productName = FirebaseAnalytics;
		};
		A03B7B662D43B00000FF8FF7 /* FirebaseAnalyticsOnDeviceConversion */ = {
			isa = XCSwiftPackageProductDependency;
			package = A03B7B632D43B00000FF8FF7 /* XCRemoteSwiftPackageReference "firebase-ios-sdk" */;
			productName = FirebaseAnalyticsOnDeviceConversion;
		};
		A03B7B682D43B00000FF8FF7 /* FirebaseAnalyticsWithoutAdIdSupport */ = {
			isa = XCSwiftPackageProductDependency;
			package = A03B7B632D43B00000FF8FF7 /* XCRemoteSwiftPackageReference "firebase-ios-sdk" */;
			productName = FirebaseAnalyticsWithoutAdIdSupport;
		};
		A03B7B702D43B18200FF8FF7 /* FirebaseFirestore */ = {
			isa = XCSwiftPackageProductDependency;
			package = A03B7B632D43B00000FF8FF7 /* XCRemoteSwiftPackageReference "firebase-ios-sdk" */;
			productName = FirebaseFirestore;
		};
		A03B7B722D43B18900FF8FF7 /* FirebaseStorage */ = {
			isa = XCSwiftPackageProductDependency;
			package = A03B7B632D43B00000FF8FF7 /* XCRemoteSwiftPackageReference "firebase-ios-sdk" */;
			productName = FirebaseStorage;
		};
		A03B7B782D43B93D00FF8FF7 /* FirebaseAuth */ = {
			isa = XCSwiftPackageProductDependency;
			package = A03B7B632D43B00000FF8FF7 /* XCRemoteSwiftPackageReference "firebase-ios-sdk" */;
			productName = FirebaseAuth;
		};
		A07145E82D4BC28100B6918A /* SwipeActions */ = {
			isa = XCSwiftPackageProductDependency;
			package = A07145E72D4BC28100B6918A /* XCRemoteSwiftPackageReference "SwipeActions" */;
			productName = SwipeActions;
		};
		A0C598A92D427F43004A3423 /* EmojiPalette */ = {
			isa = XCSwiftPackageProductDependency;
			package = A0C598A82D427F43004A3423 /* XCRemoteSwiftPackageReference "EmojiPalette" */;
			productName = EmojiPalette;
		};
		A0FBB6932D41743700A5783E /* ScreenshotSwiftUI */ = {
			isa = XCSwiftPackageProductDependency;
			package = A0FBB6922D41743700A5783E /* XCRemoteSwiftPackageReference "ScreenshotSwiftUI" */;
			productName = ScreenshotSwiftUI;
		};
/* End XCSwiftPackageProductDependency section */
	};
	rootObject = A0775E1C2D1CAA1F00068B00 /* Project object */;
}
