// !$*UTF8*$!
{
	archiveVersion = 1;
	classes = {
	};
	objectVersion = 77;
	objects = {

/* Begin PBXBuildFile section */
		A06C2D8E2D75DB480017F621 /* FirebaseFunctions in Frameworks */ = {isa = PBXBuildFile; productRef = A06C2D8D2D75DB480017F621 /* FirebaseFunctions */; };
		A06F69AB2D6E7B7700CA2822 /* SQLite in Frameworks */ = {isa = PBXBuildFile; productRef = A06F69AA2D6E7B7700CA2822 /* SQLite */; };
		A06F69AE2D6E7B8700CA2822 /* SwipeActions in Frameworks */ = {isa = PBXBuildFile; productRef = A06F69AD2D6E7B8700CA2822 /* SwipeActions */; };
		A06F69B12D6F07B900CA2822 /* FirebaseAnalytics in Frameworks */ = {isa = PBXBuildFile; productRef = A06F69B02D6F07B900CA2822 /* FirebaseAnalytics */; };
		A06F69B32D6F07B900CA2822 /* FirebaseAuth in Frameworks */ = {isa = PBXBuildFile; productRef = A06F69B22D6F07B900CA2822 /* FirebaseAuth */; };
		A06F69B52D6F07B900CA2822 /* FirebaseCore in Frameworks */ = {isa = PBXBuildFile; productRef = A06F69B42D6F07B900CA2822 /* FirebaseCore */; };
		A06F69B72D6F07B900CA2822 /* FirebaseDatabase in Frameworks */ = {isa = PBXBuildFile; productRef = A06F69B62D6F07B900CA2822 /* FirebaseDatabase */; };
		A06F69B92D6F07B900CA2822 /* FirebaseFirestore in Frameworks */ = {isa = PBXBuildFile; productRef = A06F69B82D6F07B900CA2822 /* FirebaseFirestore */; };
		A06F69BB2D6F07B900CA2822 /* FirebaseStorage in Frameworks */ = {isa = PBXBuildFile; productRef = A06F69BA2D6F07B900CA2822 /* FirebaseStorage */; };
		A06F69BE2D70F29400CA2822 /* ScreenshotSwiftUI in Frameworks */ = {isa = PBXBuildFile; productRef = A06F69BD2D70F29400CA2822 /* ScreenshotSwiftUI */; };
		A06F69C12D70F2B600CA2822 /* EmojiPalette in Frameworks */ = {isa = PBXBuildFile; productRef = A06F69C02D70F2B600CA2822 /* EmojiPalette */; };
		A09A820C2DBD8B87003173A4 /* Logging in Frameworks */ = {isa = PBXBuildFile; productRef = A09A820B2DBD8B87003173A4 /* Logging */; };
		A0C599D82D42B0FD004A3423 /* Launchscreen.storyboard in Resources */ = {isa = PBXBuildFile; fileRef = A0C599D72D42B0FD004A3423 /* Launchscreen.storyboard */; };
/* End PBXBuildFile section */

/* Begin PBXContainerItemProxy section */
		A0D2CE532D7929AB004E8969 /* PBXContainerItemProxy */ = {
			isa = PBXContainerItemProxy;
			containerPortal = A0775E1C2D1CAA1F00068B00 /* Project object */;
			proxyType = 1;
			remoteGlobalIDString = A0775E232D1CAA1F00068B00;
			remoteInfo = KoenjiApp;
		};
/* End PBXContainerItemProxy section */

/* Begin PBXCopyFilesBuildPhase section */
		A030D8682D27798300EA08E2 /* Embed Frameworks */ = {
			isa = PBXCopyFilesBuildPhase;
			buildActionMask = 2147483647;
			dstPath = "";
			dstSubfolderSpec = 10;
			files = (
			);
			name = "Embed Frameworks";
			runOnlyForDeploymentPostprocessing = 0;
		};
/* End PBXCopyFilesBuildPhase section */

/* Begin PBXFileReference section */
		A0775E242D1CAA1F00068B00 /* KoenjiApp.app */ = {isa = PBXFileReference; explicitFileType = wrapper.application; includeInIndex = 0; path = KoenjiApp.app; sourceTree = BUILT_PRODUCTS_DIR; };
		A0C599D72D42B0FD004A3423 /* Launchscreen.storyboard */ = {isa = PBXFileReference; lastKnownFileType = file.storyboard; path = Launchscreen.storyboard; sourceTree = "<group>"; };
		A0D2CE4F2D7929AB004E8969 /* KoenjiAppTests.xctest */ = {isa = PBXFileReference; explicitFileType = wrapper.cfbundle; includeInIndex = 0; path = KoenjiAppTests.xctest; sourceTree = BUILT_PRODUCTS_DIR; };
/* End PBXFileReference section */

/* Begin PBXFileSystemSynchronizedBuildFileExceptionSet section */
		A0C599DB2D42B84E004A3423 /* Exceptions for "KoenjiApp" folder in "KoenjiApp" target */ = {
			isa = PBXFileSystemSynchronizedBuildFileExceptionSet;
			membershipExceptions = (
				info.plist,
			);
			target = A0775E232D1CAA1F00068B00 /* KoenjiApp */;
		};
/* End PBXFileSystemSynchronizedBuildFileExceptionSet section */

/* Begin PBXFileSystemSynchronizedRootGroup section */
		A03E7C192D316538000A38AC /* KoenjiApp */ = {
			isa = PBXFileSystemSynchronizedRootGroup;
			exceptions = (
				A0C599DB2D42B84E004A3423 /* Exceptions for "KoenjiApp" folder in "KoenjiApp" target */,
			);
			path = KoenjiApp;
			sourceTree = "<group>";
		};
/* End PBXFileSystemSynchronizedRootGroup section */

/* Begin PBXFrameworksBuildPhase section */
		A0775E212D1CAA1F00068B00 /* Frameworks */ = {
			isa = PBXFrameworksBuildPhase;
			buildActionMask = 2147483647;
			files = (
				A06F69B72D6F07B900CA2822 /* FirebaseDatabase in Frameworks */,
				A06F69AB2D6E7B7700CA2822 /* SQLite in Frameworks */,
				A06F69BE2D70F29400CA2822 /* ScreenshotSwiftUI in Frameworks */,
				A06F69C12D70F2B600CA2822 /* EmojiPalette in Frameworks */,
				A06F69B52D6F07B900CA2822 /* FirebaseCore in Frameworks */,
				A06F69AE2D6E7B8700CA2822 /* SwipeActions in Frameworks */,
				A09A820C2DBD8B87003173A4 /* Logging in Frameworks */,
				A06F69B12D6F07B900CA2822 /* FirebaseAnalytics in Frameworks */,
				A06F69BB2D6F07B900CA2822 /* FirebaseStorage in Frameworks */,
				A06F69B32D6F07B900CA2822 /* FirebaseAuth in Frameworks */,
				A06C2D8E2D75DB480017F621 /* FirebaseFunctions in Frameworks */,
				A06F69B92D6F07B900CA2822 /* FirebaseFirestore in Frameworks */,
			);
			runOnlyForDeploymentPostprocessing = 0;
		};
		A0D2CE4C2D7929AB004E8969 /* Frameworks */ = {
			isa = PBXFrameworksBuildPhase;
			buildActionMask = 2147483647;
			files = (
			);
			runOnlyForDeploymentPostprocessing = 0;
		};
/* End PBXFrameworksBuildPhase section */

/* Begin PBXGroup section */
		A03B7B6F2D43B18200FF8FF7 /* Frameworks */ = {
			isa = PBXGroup;
			children = (
			);
			name = Frameworks;
			sourceTree = "<group>";
		};
		A0775E1B2D1CAA1F00068B00 = {
			isa = PBXGroup;
			children = (
				A0C599D72D42B0FD004A3423 /* Launchscreen.storyboard */,
				A03E7C192D316538000A38AC /* KoenjiApp */,
				A03B7B6F2D43B18200FF8FF7 /* Frameworks */,
				A0775E252D1CAA1F00068B00 /* Products */,
			);
			sourceTree = "<group>";
		};
		A0775E252D1CAA1F00068B00 /* Products */ = {
			isa = PBXGroup;
			children = (
				A0775E242D1CAA1F00068B00 /* KoenjiApp.app */,
				A0D2CE4F2D7929AB004E8969 /* KoenjiAppTests.xctest */,
			);
			name = Products;
			sourceTree = "<group>";
		};
/* End PBXGroup section */

/* Begin PBXNativeTarget section */
		A0775E232D1CAA1F00068B00 /* KoenjiApp */ = {
			isa = PBXNativeTarget;
			buildConfigurationList = A0775E322D1CAA2100068B00 /* Build configuration list for PBXNativeTarget "KoenjiApp" */;
			buildPhases = (
				A0775E202D1CAA1F00068B00 /* Sources */,
				A0775E212D1CAA1F00068B00 /* Frameworks */,
				A0775E222D1CAA1F00068B00 /* Resources */,
				A030D8682D27798300EA08E2 /* Embed Frameworks */,
			);
			buildRules = (
			);
			dependencies = (
			);
			fileSystemSynchronizedGroups = (
				A03E7C192D316538000A38AC /* KoenjiApp */,
			);
			name = KoenjiApp;
			packageProductDependencies = (
				A06F69AA2D6E7B7700CA2822 /* SQLite */,
				A06F69AD2D6E7B8700CA2822 /* SwipeActions */,
				A06F69B02D6F07B900CA2822 /* FirebaseAnalytics */,
				A06F69B22D6F07B900CA2822 /* FirebaseAuth */,
				A06F69B42D6F07B900CA2822 /* FirebaseCore */,
				A06F69B62D6F07B900CA2822 /* FirebaseDatabase */,
				A06F69B82D6F07B900CA2822 /* FirebaseFirestore */,
				A06F69BA2D6F07B900CA2822 /* FirebaseStorage */,
				A06F69BD2D70F29400CA2822 /* ScreenshotSwiftUI */,
				A06F69C02D70F2B600CA2822 /* EmojiPalette */,
				A06C2D8D2D75DB480017F621 /* FirebaseFunctions */,
				A09A820B2DBD8B87003173A4 /* Logging */,
			);
			productName = KoenjiApp;
			productReference = A0775E242D1CAA1F00068B00 /* KoenjiApp.app */;
			productType = "com.apple.product-type.application";
		};
		A0D2CE4E2D7929AB004E8969 /* KoenjiAppTests */ = {
			isa = PBXNativeTarget;
			buildConfigurationList = A0D2CE552D7929AB004E8969 /* Build configuration list for PBXNativeTarget "KoenjiAppTests" */;
			buildPhases = (
				A0D2CE4B2D7929AB004E8969 /* Sources */,
				A0D2CE4C2D7929AB004E8969 /* Frameworks */,
				A0D2CE4D2D7929AB004E8969 /* Resources */,
			);
			buildRules = (
			);
			dependencies = (
				A0D2CE542D7929AB004E8969 /* PBXTargetDependency */,
			);
			name = KoenjiAppTests;
			packageProductDependencies = (
			);
			productName = KoenjiAppTests;
			productReference = A0D2CE4F2D7929AB004E8969 /* KoenjiAppTests.xctest */;
			productType = "com.apple.product-type.bundle.unit-test";
		};
/* End PBXNativeTarget section */

/* Begin PBXProject section */
		A0775E1C2D1CAA1F00068B00 /* Project object */ = {
			isa = PBXProject;
			attributes = {
				BuildIndependentTargetsInParallel = 1;
				KnownAssetTags = (
					New,
				);
				LastSwiftUpdateCheck = 1620;
				LastUpgradeCheck = 1620;
				TargetAttributes = {
					A0775E232D1CAA1F00068B00 = {
						CreatedOnToolsVersion = 16.2;
					};
					A0D2CE4E2D7929AB004E8969 = {
						CreatedOnToolsVersion = 16.2;
						TestTargetID = A0775E232D1CAA1F00068B00;
					};
				};
			};
			buildConfigurationList = A0775E1F2D1CAA1F00068B00 /* Build configuration list for PBXProject "KoenjiApp" */;
			developmentRegion = en;
			hasScannedForEncodings = 0;
			knownRegions = (
				en,
				Base,
				it,
				ja,
			);
			mainGroup = A0775E1B2D1CAA1F00068B00;
			minimizedProjectReferenceProxies = 1;
			packageReferences = (
				A06F69A92D6E7B7700CA2822 /* XCRemoteSwiftPackageReference "SQLite.swift" */,
				A06F69AC2D6E7B8700CA2822 /* XCRemoteSwiftPackageReference "SwipeActions" */,
				A06F69AF2D6F07B900CA2822 /* XCRemoteSwiftPackageReference "firebase-ios-sdk" */,
				A06F69BC2D70F29400CA2822 /* XCRemoteSwiftPackageReference "ScreenshotSwiftUI" */,
				A06F69BF2D70F2B600CA2822 /* XCRemoteSwiftPackageReference "EmojiPalette" */,
				A09A80C32DBD8AE0003173A4 /* XCRemoteSwiftPackageReference "swift-log" */,
			);
			preferredProjectObjectVersion = 77;
			productRefGroup = A0775E252D1CAA1F00068B00 /* Products */;
			projectDirPath = "";
			projectRoot = "";
			targets = (
				A0775E232D1CAA1F00068B00 /* KoenjiApp */,
				A0D2CE4E2D7929AB004E8969 /* KoenjiAppTests */,
			);
		};
/* End PBXProject section */

/* Begin PBXResourcesBuildPhase section */
		A0775E222D1CAA1F00068B00 /* Resources */ = {
			isa = PBXResourcesBuildPhase;
			buildActionMask = 2147483647;
			files = (
				A0C599D82D42B0FD004A3423 /* Launchscreen.storyboard in Resources */,
			);
			runOnlyForDeploymentPostprocessing = 0;
		};
		A0D2CE4D2D7929AB004E8969 /* Resources */ = {
			isa = PBXResourcesBuildPhase;
			buildActionMask = 2147483647;
			files = (
			);
			runOnlyForDeploymentPostprocessing = 0;
		};
/* End PBXResourcesBuildPhase section */

/* Begin PBXSourcesBuildPhase section */
		A0775E202D1CAA1F00068B00 /* Sources */ = {
			isa = PBXSourcesBuildPhase;
			buildActionMask = 2147483647;
			files = (
			);
			runOnlyForDeploymentPostprocessing = 0;
		};
		A0D2CE4B2D7929AB004E8969 /* Sources */ = {
			isa = PBXSourcesBuildPhase;
			buildActionMask = 2147483647;
			files = (
			);
			runOnlyForDeploymentPostprocessing = 0;
		};
/* End PBXSourcesBuildPhase section */

/* Begin PBXTargetDependency section */
		A0D2CE542D7929AB004E8969 /* PBXTargetDependency */ = {
			isa = PBXTargetDependency;
			target = A0775E232D1CAA1F00068B00 /* KoenjiApp */;
			targetProxy = A0D2CE532D7929AB004E8969 /* PBXContainerItemProxy */;
		};
/* End PBXTargetDependency section */

/* Begin XCBuildConfiguration section */
		A0775E302D1CAA2100068B00 /* Debug */ = {
			isa = XCBuildConfiguration;
			buildSettings = {
				ALWAYS_SEARCH_USER_PATHS = NO;
				ASSETCATALOG_COMPILER_GENERATE_SWIFT_ASSET_SYMBOL_EXTENSIONS = YES;
				CLANG_ANALYZER_NONNULL = YES;
				CLANG_ANALYZER_NUMBER_OBJECT_CONVERSION = YES_AGGRESSIVE;
				CLANG_CXX_LANGUAGE_STANDARD = "gnu++20";
				CLANG_ENABLE_MODULES = YES;
				CLANG_ENABLE_OBJC_ARC = YES;
				CLANG_ENABLE_OBJC_WEAK = YES;
				CLANG_WARN_BLOCK_CAPTURE_AUTORELEASING = YES;
				CLANG_WARN_BOOL_CONVERSION = YES;
				CLANG_WARN_COMMA = YES;
				CLANG_WARN_CONSTANT_CONVERSION = YES;
				CLANG_WARN_DEPRECATED_OBJC_IMPLEMENTATIONS = YES;
				CLANG_WARN_DIRECT_OBJC_ISA_USAGE = YES_ERROR;
				CLANG_WARN_DOCUMENTATION_COMMENTS = YES;
				CLANG_WARN_EMPTY_BODY = YES;
				CLANG_WARN_ENUM_CONVERSION = YES;
				CLANG_WARN_INFINITE_RECURSION = YES;
				CLANG_WARN_INT_CONVERSION = YES;
				CLANG_WARN_NON_LITERAL_NULL_CONVERSION = YES;
				CLANG_WARN_OBJC_IMPLICIT_RETAIN_SELF = YES;
				CLANG_WARN_OBJC_LITERAL_CONVERSION = YES;
				CLANG_WARN_OBJC_ROOT_CLASS = YES_ERROR;
				CLANG_WARN_QUOTED_INCLUDE_IN_FRAMEWORK_HEADER = YES;
				CLANG_WARN_RANGE_LOOP_ANALYSIS = YES;
				CLANG_WARN_STRICT_PROTOTYPES = YES;
				CLANG_WARN_SUSPICIOUS_MOVE = YES;
				CLANG_WARN_UNGUARDED_AVAILABILITY = YES_AGGRESSIVE;
				CLANG_WARN_UNREACHABLE_CODE = YES;
				CLANG_WARN__DUPLICATE_METHOD_MATCH = YES;
				COPY_PHASE_STRIP = NO;
				CREATE_INFOPLIST_SECTION_IN_BINARY = NO;
				DEBUG_INFORMATION_FORMAT = "dwarf-with-dsym";
				DONT_GENERATE_INFOPLIST_FILE = NO;
				ENABLE_STRICT_OBJC_MSGSEND = YES;
				ENABLE_TESTABILITY = YES;
				ENABLE_USER_SCRIPT_SANDBOXING = YES;
				GCC_C_LANGUAGE_STANDARD = gnu17;
				GCC_DYNAMIC_NO_PIC = NO;
				GCC_NO_COMMON_BLOCKS = YES;
				GCC_OPTIMIZATION_LEVEL = 0;
				GCC_PREPROCESSOR_DEFINITIONS = (
					"DEBUG=1",
					"$(inherited)",
				);
				GCC_WARN_64_TO_32_BIT_CONVERSION = YES;
				GCC_WARN_ABOUT_RETURN_TYPE = YES_ERROR;
				GCC_WARN_UNDECLARED_SELECTOR = YES;
				GCC_WARN_UNINITIALIZED_AUTOS = YES_AGGRESSIVE;
				GCC_WARN_UNUSED_FUNCTION = YES;
				GCC_WARN_UNUSED_VARIABLE = YES;
				GENERATE_INFOPLIST_FILE = NO;
				INFOPLIST_FILE = /Users/matteonassini/KoenjiApp/KoenjiApp/info.plist;
				IPHONEOS_DEPLOYMENT_TARGET = 18.2;
				LOCALIZATION_PREFERS_STRING_CATALOGS = YES;
				MTL_ENABLE_DEBUG_INFO = INCLUDE_SOURCE;
				MTL_FAST_MATH = YES;
				ONLY_ACTIVE_ARCH = YES;
				SDKROOT = iphoneos;
				SWIFT_ACTIVE_COMPILATION_CONDITIONS = "DEBUG $(inherited)";
				SWIFT_EMIT_LOC_STRINGS = YES;
				SWIFT_OPTIMIZATION_LEVEL = "-Onone";
			};
			name = Debug;
		};
		A0775E312D1CAA2100068B00 /* Release */ = {
			isa = XCBuildConfiguration;
			buildSettings = {
				ALWAYS_SEARCH_USER_PATHS = NO;
				ASSETCATALOG_COMPILER_GENERATE_SWIFT_ASSET_SYMBOL_EXTENSIONS = YES;
				CLANG_ANALYZER_NONNULL = YES;
				CLANG_ANALYZER_NUMBER_OBJECT_CONVERSION = YES_AGGRESSIVE;
				CLANG_CXX_LANGUAGE_STANDARD = "gnu++20";
				CLANG_ENABLE_MODULES = YES;
				CLANG_ENABLE_OBJC_ARC = YES;
				CLANG_ENABLE_OBJC_WEAK = YES;
				CLANG_WARN_BLOCK_CAPTURE_AUTORELEASING = YES;
				CLANG_WARN_BOOL_CONVERSION = YES;
				CLANG_WARN_COMMA = YES;
				CLANG_WARN_CONSTANT_CONVERSION = YES;
				CLANG_WARN_DEPRECATED_OBJC_IMPLEMENTATIONS = YES;
				CLANG_WARN_DIRECT_OBJC_ISA_USAGE = YES_ERROR;
				CLANG_WARN_DOCUMENTATION_COMMENTS = YES;
				CLANG_WARN_EMPTY_BODY = YES;
				CLANG_WARN_ENUM_CONVERSION = YES;
				CLANG_WARN_INFINITE_RECURSION = YES;
				CLANG_WARN_INT_CONVERSION = YES;
				CLANG_WARN_NON_LITERAL_NULL_CONVERSION = YES;
				CLANG_WARN_OBJC_IMPLICIT_RETAIN_SELF = YES;
				CLANG_WARN_OBJC_LITERAL_CONVERSION = YES;
				CLANG_WARN_OBJC_ROOT_CLASS = YES_ERROR;
				CLANG_WARN_QUOTED_INCLUDE_IN_FRAMEWORK_HEADER = YES;
				CLANG_WARN_RANGE_LOOP_ANALYSIS = YES;
				CLANG_WARN_STRICT_PROTOTYPES = YES;
				CLANG_WARN_SUSPICIOUS_MOVE = YES;
				CLANG_WARN_UNGUARDED_AVAILABILITY = YES_AGGRESSIVE;
				CLANG_WARN_UNREACHABLE_CODE = YES;
				CLANG_WARN__DUPLICATE_METHOD_MATCH = YES;
				COPY_PHASE_STRIP = NO;
				CREATE_INFOPLIST_SECTION_IN_BINARY = NO;
				DEBUG_INFORMATION_FORMAT = "dwarf-with-dsym";
				DONT_GENERATE_INFOPLIST_FILE = NO;
				ENABLE_NS_ASSERTIONS = NO;
				ENABLE_STRICT_OBJC_MSGSEND = YES;
				ENABLE_USER_SCRIPT_SANDBOXING = YES;
				GCC_C_LANGUAGE_STANDARD = gnu17;
				GCC_NO_COMMON_BLOCKS = YES;
				GCC_WARN_64_TO_32_BIT_CONVERSION = YES;
				GCC_WARN_ABOUT_RETURN_TYPE = YES_ERROR;
				GCC_WARN_UNDECLARED_SELECTOR = YES;
				GCC_WARN_UNINITIALIZED_AUTOS = YES_AGGRESSIVE;
				GCC_WARN_UNUSED_FUNCTION = YES;
				GCC_WARN_UNUSED_VARIABLE = YES;
				GENERATE_INFOPLIST_FILE = NO;
				IPHONEOS_DEPLOYMENT_TARGET = 18.2;
				LOCALIZATION_PREFERS_STRING_CATALOGS = YES;
				MTL_ENABLE_DEBUG_INFO = NO;
				MTL_FAST_MATH = YES;
				SDKROOT = iphoneos;
				SWIFT_COMPILATION_MODE = wholemodule;
				SWIFT_EMIT_LOC_STRINGS = YES;
				VALIDATE_PRODUCT = YES;
			};
			name = Release;
		};
		A0775E332D1CAA2100068B00 /* Debug */ = {
			isa = XCBuildConfiguration;
			buildSettings = {
				ASSETCATALOG_COMPILER_APPICON_NAME = AppIcon;
				ASSETCATALOG_COMPILER_GLOBAL_ACCENT_COLOR_NAME = AccentColor;
				ASSETCATALOG_COMPILER_INCLUDE_ALL_APPICON_ASSETS = YES;
				CODE_SIGN_ENTITLEMENTS = KoenjiApp/KoenjiApp.entitlements;
				CODE_SIGN_STYLE = Automatic;
				CREATE_INFOPLIST_SECTION_IN_BINARY = NO;
				CURRENT_PROJECT_VERSION = 1;
				DEVELOPMENT_ASSET_PATHS = "\"KoenjiApp/Preview Content\"";
				DEVELOPMENT_TEAM = BVRFYCSRU7;
				DONT_GENERATE_INFOPLIST_FILE = NO;
				ENABLE_PREVIEWS = YES;
				FRAMEWORK_SEARCH_PATHS = "$(BUILD_DIR)/$(CONFIGURATION)$(EFFECTIVE_PLATFORM_NAME)";
				"FRAMEWORK_SEARCH_PATHS[arch=*]" = "$(BUILD_DIR)/PackageFrameworks";
				GENERATE_INFOPLIST_FILE = NO;
				GENERATE_PKGINFO_FILE = NO;
				INFOPLIST_FILE = /Users/matteonassini/KoenjiApp/KoenjiApp/info.plist;
				INFOPLIST_KEY_LSSupportsOpeningDocumentsInPlace = YES;
				INFOPLIST_KEY_UIApplicationSceneManifest_Generation = YES;
				INFOPLIST_KEY_UIApplicationSupportsIndirectInputEvents = YES;
				INFOPLIST_KEY_UILaunchScreen_Generation = YES;
				INFOPLIST_KEY_UISupportedInterfaceOrientations_iPad = "UIInterfaceOrientationPortrait UIInterfaceOrientationPortraitUpsideDown UIInterfaceOrientationLandscapeLeft UIInterfaceOrientationLandscapeRight";
				INFOPLIST_KEY_UISupportedInterfaceOrientations_iPhone = "UIInterfaceOrientationPortrait UIInterfaceOrientationLandscapeLeft UIInterfaceOrientationLandscapeRight";
				INFOPLIST_KEY_UISupportsDocumentBrowser = YES;
				IPHONEOS_DEPLOYMENT_TARGET = 17.5;
				LD_RUNPATH_SEARCH_PATHS = (
					"$(inherited)",
					"@executable_path/Frameworks",
				);
				MARKETING_VERSION = 1.0;
				NEW_SETTING = "";
				PRODUCT_BUNDLE_IDENTIFIER = "com.koenji-venezia.KoenjiApp";
				PRODUCT_NAME = "$(TARGET_NAME)";
				SWIFT_EMIT_LOC_STRINGS = YES;
				SWIFT_VERSION = 6.0;
				TARGETED_DEVICE_FAMILY = "1,2";
			};
			name = Debug;
		};
		A0775E342D1CAA2100068B00 /* Release */ = {
			isa = XCBuildConfiguration;
			buildSettings = {
				ASSETCATALOG_COMPILER_APPICON_NAME = AppIcon;
				ASSETCATALOG_COMPILER_GLOBAL_ACCENT_COLOR_NAME = AccentColor;
				ASSETCATALOG_COMPILER_INCLUDE_ALL_APPICON_ASSETS = YES;
				CODE_SIGN_ENTITLEMENTS = KoenjiApp/KoenjiApp.entitlements;
				CODE_SIGN_STYLE = Automatic;
				CREATE_INFOPLIST_SECTION_IN_BINARY = NO;
				CURRENT_PROJECT_VERSION = 1;
				DEVELOPMENT_ASSET_PATHS = "\"KoenjiApp/Preview Content\"";
				DEVELOPMENT_TEAM = BVRFYCSRU7;
				DONT_GENERATE_INFOPLIST_FILE = NO;
				ENABLE_PREVIEWS = YES;
				FRAMEWORK_SEARCH_PATHS = "$(BUILD_DIR)/$(CONFIGURATION)$(EFFECTIVE_PLATFORM_NAME)";
				GENERATE_INFOPLIST_FILE = NO;
				GENERATE_PKGINFO_FILE = NO;
				INFOPLIST_FILE = /Users/matteonassini/KoenjiApp/KoenjiApp/info.plist;
				INFOPLIST_KEY_LSSupportsOpeningDocumentsInPlace = YES;
				INFOPLIST_KEY_UIApplicationSceneManifest_Generation = YES;
				INFOPLIST_KEY_UIApplicationSupportsIndirectInputEvents = YES;
				INFOPLIST_KEY_UILaunchScreen_Generation = YES;
				INFOPLIST_KEY_UISupportedInterfaceOrientations_iPad = "UIInterfaceOrientationPortrait UIInterfaceOrientationPortraitUpsideDown UIInterfaceOrientationLandscapeLeft UIInterfaceOrientationLandscapeRight";
				INFOPLIST_KEY_UISupportedInterfaceOrientations_iPhone = "UIInterfaceOrientationPortrait UIInterfaceOrientationLandscapeLeft UIInterfaceOrientationLandscapeRight";
				INFOPLIST_KEY_UISupportsDocumentBrowser = YES;
				IPHONEOS_DEPLOYMENT_TARGET = 17.5;
				LD_RUNPATH_SEARCH_PATHS = (
					"$(inherited)",
					"@executable_path/Frameworks",
				);
				MARKETING_VERSION = 1.0;
				NEW_SETTING = "";
				PRODUCT_BUNDLE_IDENTIFIER = "com.koenji-venezia.KoenjiApp";
				PRODUCT_NAME = "$(TARGET_NAME)";
				SWIFT_EMIT_LOC_STRINGS = YES;
				SWIFT_VERSION = 6.0;
				TARGETED_DEVICE_FAMILY = "1,2";
			};
			name = Release;
		};
		A0D2CE562D7929AB004E8969 /* Debug */ = {
			isa = XCBuildConfiguration;
			buildSettings = {
				BUNDLE_LOADER = "$(TEST_HOST)";
				CODE_SIGN_STYLE = Automatic;
				CURRENT_PROJECT_VERSION = 1;
				DEBUG_INFORMATION_FORMAT = dwarf;
				DEVELOPMENT_TEAM = BVRFYCSRU7;
				GENERATE_INFOPLIST_FILE = YES;
				MARKETING_VERSION = 1.0;
				PRODUCT_BUNDLE_IDENTIFIER = com.koenjiapp.KoenjiAppTests;
				PRODUCT_NAME = "$(TARGET_NAME)";
				SWIFT_EMIT_LOC_STRINGS = NO;
				SWIFT_VERSION = 5.0;
				TARGETED_DEVICE_FAMILY = "1,2";
				TEST_HOST = "$(BUILT_PRODUCTS_DIR)/KoenjiApp.app/$(BUNDLE_EXECUTABLE_FOLDER_PATH)/KoenjiApp";
			};
			name = Debug;
		};
		A0D2CE572D7929AB004E8969 /* Release */ = {
			isa = XCBuildConfiguration;
			buildSettings = {
				BUNDLE_LOADER = "$(TEST_HOST)";
				CODE_SIGN_STYLE = Automatic;
				CURRENT_PROJECT_VERSION = 1;
				DEVELOPMENT_TEAM = BVRFYCSRU7;
				GENERATE_INFOPLIST_FILE = YES;
				MARKETING_VERSION = 1.0;
				PRODUCT_BUNDLE_IDENTIFIER = com.koenjiapp.KoenjiAppTests;
				PRODUCT_NAME = "$(TARGET_NAME)";
				SWIFT_EMIT_LOC_STRINGS = NO;
				SWIFT_VERSION = 5.0;
				TARGETED_DEVICE_FAMILY = "1,2";
				TEST_HOST = "$(BUILT_PRODUCTS_DIR)/KoenjiApp.app/$(BUNDLE_EXECUTABLE_FOLDER_PATH)/KoenjiApp";
			};
			name = Release;
		};
/* End XCBuildConfiguration section */

/* Begin XCConfigurationList section */
		A0775E1F2D1CAA1F00068B00 /* Build configuration list for PBXProject "KoenjiApp" */ = {
			isa = XCConfigurationList;
			buildConfigurations = (
				A0775E302D1CAA2100068B00 /* Debug */,
				A0775E312D1CAA2100068B00 /* Release */,
			);
			defaultConfigurationIsVisible = 0;
			defaultConfigurationName = Release;
		};
		A0775E322D1CAA2100068B00 /* Build configuration list for PBXNativeTarget "KoenjiApp" */ = {
			isa = XCConfigurationList;
			buildConfigurations = (
				A0775E332D1CAA2100068B00 /* Debug */,
				A0775E342D1CAA2100068B00 /* Release */,
			);
			defaultConfigurationIsVisible = 0;
			defaultConfigurationName = Release;
		};
		A0D2CE552D7929AB004E8969 /* Build configuration list for PBXNativeTarget "KoenjiAppTests" */ = {
			isa = XCConfigurationList;
			buildConfigurations = (
				A0D2CE562D7929AB004E8969 /* Debug */,
				A0D2CE572D7929AB004E8969 /* Release */,
			);
			defaultConfigurationIsVisible = 0;
			defaultConfigurationName = Release;
		};
/* End XCConfigurationList section */

/* Begin XCRemoteSwiftPackageReference section */
		A06F69A92D6E7B7700CA2822 /* XCRemoteSwiftPackageReference "SQLite.swift" */ = {
			isa = XCRemoteSwiftPackageReference;
			repositoryURL = "https://github.com/stephencelis/SQLite.swift.git";
			requirement = {
				kind = upToNextMajorVersion;
				minimumVersion = 0.15.3;
			};
		};
		A06F69AC2D6E7B8700CA2822 /* XCRemoteSwiftPackageReference "SwipeActions" */ = {
			isa = XCRemoteSwiftPackageReference;
			repositoryURL = "https://github.com/aheze/SwipeActions";
			requirement = {
				kind = upToNextMajorVersion;
				minimumVersion = 1.1.0;
			};
		};
		A06F69AF2D6F07B900CA2822 /* XCRemoteSwiftPackageReference "firebase-ios-sdk" */ = {
			isa = XCRemoteSwiftPackageReference;
			repositoryURL = "https://github.com/firebase/firebase-ios-sdk";
			requirement = {
				kind = upToNextMajorVersion;
				minimumVersion = 11.9.0;
			};
		};
		A06F69BC2D70F29400CA2822 /* XCRemoteSwiftPackageReference "ScreenshotSwiftUI" */ = {
			isa = XCRemoteSwiftPackageReference;
			repositoryURL = "https://github.com/gualtierofrigerio/ScreenshotSwiftUI";
			requirement = {
				kind = upToNextMajorVersion;
				minimumVersion = 0.3.0;
			};
		};
		A06F69BF2D70F2B600CA2822 /* XCRemoteSwiftPackageReference "EmojiPalette" */ = {
			isa = XCRemoteSwiftPackageReference;
			repositoryURL = "https://github.com/Kyome22/EmojiPalette";
			requirement = {
				kind = upToNextMajorVersion;
				minimumVersion = 1.0.0;
			};
		};
		A09A80C32DBD8AE0003173A4 /* XCRemoteSwiftPackageReference "swift-log" */ = {
			isa = XCRemoteSwiftPackageReference;
			repositoryURL = "https://github.com/apple/swift-log.git";
			requirement = {
				kind = upToNextMajorVersion;
				minimumVersion = 1.6.3;
			};
		};
/* End XCRemoteSwiftPackageReference section */

/* Begin XCSwiftPackageProductDependency section */
		A06C2D8D2D75DB480017F621 /* FirebaseFunctions */ = {
			isa = XCSwiftPackageProductDependency;
			package = A06F69AF2D6F07B900CA2822 /* XCRemoteSwiftPackageReference "firebase-ios-sdk" */;
			productName = FirebaseFunctions;
		};
		A06F69AA2D6E7B7700CA2822 /* SQLite */ = {
			isa = XCSwiftPackageProductDependency;
			package = A06F69A92D6E7B7700CA2822 /* XCRemoteSwiftPackageReference "SQLite.swift" */;
			productName = SQLite;
		};
		A06F69AD2D6E7B8700CA2822 /* SwipeActions */ = {
			isa = XCSwiftPackageProductDependency;
			package = A06F69AC2D6E7B8700CA2822 /* XCRemoteSwiftPackageReference "SwipeActions" */;
			productName = SwipeActions;
		};
		A06F69B02D6F07B900CA2822 /* FirebaseAnalytics */ = {
			isa = XCSwiftPackageProductDependency;
			package = A06F69AF2D6F07B900CA2822 /* XCRemoteSwiftPackageReference "firebase-ios-sdk" */;
			productName = FirebaseAnalytics;
		};
		A06F69B22D6F07B900CA2822 /* FirebaseAuth */ = {
			isa = XCSwiftPackageProductDependency;
			package = A06F69AF2D6F07B900CA2822 /* XCRemoteSwiftPackageReference "firebase-ios-sdk" */;
			productName = FirebaseAuth;
		};
		A06F69B42D6F07B900CA2822 /* FirebaseCore */ = {
			isa = XCSwiftPackageProductDependency;
			package = A06F69AF2D6F07B900CA2822 /* XCRemoteSwiftPackageReference "firebase-ios-sdk" */;
			productName = FirebaseCore;
		};
		A06F69B62D6F07B900CA2822 /* FirebaseDatabase */ = {
			isa = XCSwiftPackageProductDependency;
			package = A06F69AF2D6F07B900CA2822 /* XCRemoteSwiftPackageReference "firebase-ios-sdk" */;
			productName = FirebaseDatabase;
		};
		A06F69B82D6F07B900CA2822 /* FirebaseFirestore */ = {
			isa = XCSwiftPackageProductDependency;
			package = A06F69AF2D6F07B900CA2822 /* XCRemoteSwiftPackageReference "firebase-ios-sdk" */;
			productName = FirebaseFirestore;
		};
		A06F69BA2D6F07B900CA2822 /* FirebaseStorage */ = {
			isa = XCSwiftPackageProductDependency;
			package = A06F69AF2D6F07B900CA2822 /* XCRemoteSwiftPackageReference "firebase-ios-sdk" */;
			productName = FirebaseStorage;
		};
		A06F69BD2D70F29400CA2822 /* ScreenshotSwiftUI */ = {
			isa = XCSwiftPackageProductDependency;
			package = A06F69BC2D70F29400CA2822 /* XCRemoteSwiftPackageReference "ScreenshotSwiftUI" */;
			productName = ScreenshotSwiftUI;
		};
		A06F69C02D70F2B600CA2822 /* EmojiPalette */ = {
			isa = XCSwiftPackageProductDependency;
			package = A06F69BF2D70F2B600CA2822 /* XCRemoteSwiftPackageReference "EmojiPalette" */;
			productName = EmojiPalette;
		};
		A09A820B2DBD8B87003173A4 /* Logging */ = {
			isa = XCSwiftPackageProductDependency;
			package = A09A80C32DBD8AE0003173A4 /* XCRemoteSwiftPackageReference "swift-log" */;
			productName = Logging;
		};
/* End XCSwiftPackageProductDependency section */
	};
	rootObject = A0775E1C2D1CAA1F00068B00 /* Project object */;
}
