{
  "originHash" : "0e6793c788c3f8572308490d95ffc5d4d6de8e18cde2f2bf7bcd5741bd08f13d",
  "pins" : [
    {
      "identity" : "emojipalette",
      "kind" : "remoteSourceControl",
      "location" : "https://github.com/Kyome22/EmojiPalette.git",
      "state" : {
        "revision" : "f3dce58595b0c351a7536864b57245299bf02e88",
        "version" : "1.0.0"
      }
    },
    {
      "identity" : "screenshotswiftui",
      "kind" : "remoteSourceControl",
      "location" : "https://github.com/gualtierofrigerio/ScreenshotSwiftUI.git",
      "state" : {
        "revision" : "5ce615b99effcf41c17a4357d17ccb1308f281a9",
        "version" : "0.3.0"
      }
    }
  ],
  "version" : 3
}
