{
  "originHash" : "91ff1d5036b01bf569c017bc01aacf89a1ff5f9fcbf86e1eb0b1cba6591f0b0a",
  "pins" : [
    {
      "identity" : "lazypager",
      "kind" : "remoteSourceControl",
      "location" : "https://github.com/gh123man/LazyPager",
      "state" : {
        "revision" : "3601245191ffb0aa237ca408d7b4dd03b4d9d7eb",
        "version" : "1.1.7"
      }
    },
    {
      "identity" : "screenshotswiftui",
      "kind" : "remoteSourceControl",
      "location" : "https://github.com/gualtierofrigerio/ScreenshotSwiftUI.git",
      "state" : {
        "revision" : "5ce615b99effcf41c17a4357d17ccb1308f281a9",
        "version" : "0.3.0"
      }
    },
    {
      "identity" : "sdwebimage",
      "kind" : "remoteSourceControl",
      "location" : "https://github.com/SDWebImage/SDWebImage.git",
      "state" : {
        "branch" : "master",
        "revision" : "15f6675966dafc3228e061b8e7e4f450286d274a"
      }
    },
    {
      "identity" : "sdwebimageswiftui",
      "kind" : "remoteSourceControl",
      "location" : "https://github.com/SDWebImage/SDWebImageSwiftUI.git",
      "state" : {
        "branch" : "master",
        "revision" : "451c6dfd5ecec2cf626d1d9ca81c2d4a60355172"
      }
    }
  ],
  "version" : 3
}
